
Microsoft Visual Studio Solution File, Format Version 12.00
# Visual Studio Version 16
VisualStudioVersion = 16.0.31205.134
MinimumVisualStudioVersion = 10.0.40219.1
Project("{FAE04EC0-301F-11D3-BF4B-00C04F79EFBC}") = "SitiKanisa_Tiket-Kereta", "SitiKanisa_Tiket-Kereta\SitiKanisa_Tiket-Kereta.csproj", "{461A9F35-7B1F-4756-A677-1621DF42BF84}"
EndProject
Global
	GlobalSection(SolutionConfigurationPlatforms) = preSolution
		Debug|Any CPU = Debug|Any CPU
		Release|Any CPU = Release|Any CPU
	EndGlobalSection
	GlobalSection(ProjectConfigurationPlatforms) = postSolution
		{461A9F35-7B1F-4756-A677-1621DF42BF84}.Debug|Any CPU.ActiveCfg = Debug|Any CPU
		{461A9F35-7B1F-4756-A677-1621DF42BF84}.Debug|Any CPU.Build.0 = Debug|Any CPU
		{461A9F35-7B1F-4756-A677-1621DF42BF84}.Release|Any CPU.ActiveCfg = Release|Any CPU
		{461A9F35-7B1F-4756-A677-1621DF42BF84}.Release|Any CPU.Build.0 = Release|Any CPU
	EndGlobalSection
	GlobalSection(SolutionProperties) = preSolution
		HideSolutionNode = FALSE
	EndGlobalSection
	GlobalSection(ExtensibilityGlobals) = postSolution
		SolutionGuid = {AC19829C-5EBE-47FF-8D4B-EAC26D9DFDC2}
	EndGlobalSection
EndGlobal
